
Microsoft Visual Studio Solution File, Format Version 12.00
# Visual Studio 15
VisualStudioVersion = 15.0.27428.1
MinimumVisualStudioVersion = 10.0.40219.1
Project("{2150E333-8FDC-42A3-9474-1A3956D46DE8}") = "Web", "Web", "{495A4AAE-3F0E-48BE-889F-FE6ADEC4E086}"
EndProject
Project("{2150E333-8FDC-42A3-9474-1A3956D46DE8}") = "Cache", "Cache", "{30DFB88D-CECC-491B-A74F-1D551F456075}"
	ProjectSection(SolutionItems) = preProject
		Cache\DockerFile = Cache\DockerFile
		Cache\redis.conf = Cache\redis.conf
	EndProjectSection
EndProject
Project("{9A19103F-16F7-4668-BE54-9A1E7A4F7556}") = "Portofolio.Web.Api", "Web\Portofolio.Web.Api\Portofolio.Web.Api.csproj", "{6622E62D-1BB7-4910-B5E9-29749C34418F}"
EndProject
Project("{9092AA53-FB77-4645-B42D-1CCCA6BD08BD}") = "Portofolio.Web.LegacyWebApp", "Web\Portofolio.Web.LegacyWebApp\Portofolio.Web.LegacyWebApp.njsproj", "{2138D4B9-8538-4C57-8150-A54C83ED9B91}"
EndProject
Project("{9A19103F-16F7-4668-BE54-9A1E7A4F7556}") = "Portofolio.Web.Site", "Web\Portofolio.Web.Site\Portofolio.Web.Site.csproj", "{84357682-5D88-4026-8CEF-C68DB1291230}"
EndProject
Project("{9A19103F-16F7-4668-BE54-9A1E7A4F7556}") = "Portofolio.Web.SSE", "Web\Portofolio.Web.SSE\Portofolio.Web.SSE.csproj", "{A2D1D445-46DF-4AF7-A8ED-618415B71BBF}"
EndProject
Project("{9A19103F-16F7-4668-BE54-9A1E7A4F7556}") = "Portofolio.Web.WS", "Web\Portofolio.Web.WS\Portofolio.Web.WS.csproj", "{8812BC69-6FC6-40CB-8764-F1670C19D8B4}"
EndProject
Project("{9092AA53-FB77-4645-B42D-1CCCA6BD08BD}") = "Protofolio.Web.PWA", "Web\Protofolio.Web.PWA\Protofolio.Web.PWA.njsproj", "{AD5ADC59-B443-46E2-B57A-744C5E38A8A1}"
EndProject
Project("{9A19103F-16F7-4668-BE54-9A1E7A4F7556}") = "Protofolio.Web.Identity", "Web\Protofolio.Web.Identity\Protofolio.Web.Identity.csproj", "{9E16972F-E607-433F-910C-FD10348D0405}"
EndProject
Project("{9A19103F-16F7-4668-BE54-9A1E7A4F7556}") = "Portofolio.Cache.Api", "Cache\Portofolio.Cache.Api\Portofolio.Cache.Api.csproj", "{ACEE0949-70D8-4453-A080-04D81149287E}"
EndProject
Project("{9A19103F-16F7-4668-BE54-9A1E7A4F7556}") = "Portofolio.Cache.Database", "Cache\Portofolio.Cache.Database\Portofolio.Cache.Database.csproj", "{6DB04B78-9EE6-4606-88C9-9C6DA788BDBC}"
EndProject
Project("{9A19103F-16F7-4668-BE54-9A1E7A4F7556}") = "Portofolio.Cache.Site", "Cache\Portofolio.Cache.Site\Portofolio.Cache.Site.csproj", "{727C7B37-5A0E-4715-9581-CCE757059FF8}"
EndProject
Project("{9A19103F-16F7-4668-BE54-9A1E7A4F7556}") = "Portofolio.Cache.SSE", "Cache\Portofolio.Cache.SSE\Portofolio.Cache.SSE.csproj", "{824D9373-681C-4592-B621-2A5B06868DF9}"
EndProject
Project("{2150E333-8FDC-42A3-9474-1A3956D46DE8}") = "ReverseProxy", "ReverseProxy", "{945B18D4-D603-49F7-AEB7-4034CB627EE1}"
	ProjectSection(SolutionItems) = preProject
		DockerFile = DockerFile
		nginx.conf = nginx.conf
	EndProjectSection
EndProject
Project("{2150E333-8FDC-42A3-9474-1A3956D46DE8}") = "Worker", "Worker", "{3C1511E9-A0FA-4106-92E3-349BC20250ED}"
EndProject
Project("{FAE04EC0-301F-11D3-BF4B-00C04F79EFBC}") = "Portofolio.Worker.ApiCache", "Portofolio.Worker.ApiCache\Portofolio.Worker.ApiCache.csproj", "{D8485774-41F5-4AF4-8954-65F9D79C1A16}"
EndProject
Project("{FAE04EC0-301F-11D3-BF4B-00C04F79EFBC}") = "Portofolio.Worker.SiteCache", "Portofolio.Worker.SiteCache\Portofolio.Worker.SiteCache.csproj", "{BA685827-AE2F-416F-BD48-125D07DD3F79}"
EndProject
Project("{FAE04EC0-301F-11D3-BF4B-00C04F79EFBC}") = "Portofolio.Worker.WebHook", "Portofolio.Worker.WebHookWorker\Portofolio.Worker.WebHook.csproj", "{AF38EE48-263B-46DE-9AA8-5EC40F082222}"
EndProject
Project("{FAE04EC0-301F-11D3-BF4B-00C04F79EFBC}") = "Portofolio.Worker.DatabaseCache", "Portofolio.Worker.DatabaseCache\Portofolio.Worker.DatabaseCache.csproj", "{236F4D08-1C7A-4E69-9703-1C4835B3E6C0}"
EndProject
Project("{FAE04EC0-301F-11D3-BF4B-00C04F79EFBC}") = "Portofolio.Worker.WebNotification", "Portofolio.Worker.WebNotification\Portofolio.Worker.WebNotification.csproj", "{1868F5D9-7506-460D-BDF0-C12DA4D0F0B1}"
EndProject
Project("{FAE04EC0-301F-11D3-BF4B-00C04F79EFBC}") = "Portofolio.Worker.SQLDatabase", "Portofolio.Worker.SQLDatabase\Portofolio.Worker.SQLDatabase.csproj", "{C99662CB-1881-4879-8380-77455B48FA1B}"
EndProject
Project("{FAE04EC0-301F-11D3-BF4B-00C04F79EFBC}") = "Portofolio.Worker.NoSQLDatabase", "Portofolio.Worker.NoSQLDatabase\Portofolio.Worker.NoSQLDatabase.csproj", "{FD67768F-58B4-4E9F-BB5A-B19D10261937}"
EndProject
Project("{2150E333-8FDC-42A3-9474-1A3956D46DE8}") = "ORM", "ORM", "{2F60CF3D-8B38-4F1B-95F4-F053FAD239FD}"
EndProject
Project("{FAE04EC0-301F-11D3-BF4B-00C04F79EFBC}") = "Portofolio.ORM.SQLDatabase", "Portofolio.ORM.s\Portofolio.ORM.SQLDatabase.csproj", "{D611CE5C-588F-4E68-A91D-1ED77BFA2AFD}"
EndProject
Project("{FAE04EC0-301F-11D3-BF4B-00C04F79EFBC}") = "Portofolio.ORM.IdentityDatabase", "Portofolio.ORM.IdentityDatabase\Portofolio.ORM.IdentityDatabase.csproj", "{29550A2E-AD0D-4D2E-A08E-1F59ACFCCE73}"
EndProject
Project("{FAE04EC0-301F-11D3-BF4B-00C04F79EFBC}") = "Portofolio.ORM.WebHooksDatabase", "Portofolio.ORM.WebHooksDatabase\Portofolio.ORM.WebHooksDatabase.csproj", "{640F5DCD-D940-4085-A07B-4A837193FA4D}"
EndProject
Project("{FAE04EC0-301F-11D3-BF4B-00C04F79EFBC}") = "Portofolio.ORM.NoSQLDatabase", "Portofolio.ORM.NoSQLDatabase\Portofolio.ORM.NoSQLDatabase.csproj", "{5BC94CB1-CEC4-49E1-A9A8-A40553FBB8BD}"
EndProject
Global
	GlobalSection(SolutionConfigurationPlatforms) = preSolution
		Debug|Any CPU = Debug|Any CPU
		Release|Any CPU = Release|Any CPU
	EndGlobalSection
	GlobalSection(ProjectConfigurationPlatforms) = postSolution
		{6622E62D-1BB7-4910-B5E9-29749C34418F}.Debug|Any CPU.ActiveCfg = Debug|Any CPU
		{6622E62D-1BB7-4910-B5E9-29749C34418F}.Debug|Any CPU.Build.0 = Debug|Any CPU
		{6622E62D-1BB7-4910-B5E9-29749C34418F}.Release|Any CPU.ActiveCfg = Release|Any CPU
		{6622E62D-1BB7-4910-B5E9-29749C34418F}.Release|Any CPU.Build.0 = Release|Any CPU
		{2138D4B9-8538-4C57-8150-A54C83ED9B91}.Debug|Any CPU.ActiveCfg = Debug|Any CPU
		{2138D4B9-8538-4C57-8150-A54C83ED9B91}.Debug|Any CPU.Build.0 = Debug|Any CPU
		{2138D4B9-8538-4C57-8150-A54C83ED9B91}.Release|Any CPU.ActiveCfg = Release|Any CPU
		{2138D4B9-8538-4C57-8150-A54C83ED9B91}.Release|Any CPU.Build.0 = Release|Any CPU
		{84357682-5D88-4026-8CEF-C68DB1291230}.Debug|Any CPU.ActiveCfg = Debug|Any CPU
		{84357682-5D88-4026-8CEF-C68DB1291230}.Debug|Any CPU.Build.0 = Debug|Any CPU
		{84357682-5D88-4026-8CEF-C68DB1291230}.Release|Any CPU.ActiveCfg = Release|Any CPU
		{84357682-5D88-4026-8CEF-C68DB1291230}.Release|Any CPU.Build.0 = Release|Any CPU
		{A2D1D445-46DF-4AF7-A8ED-618415B71BBF}.Debug|Any CPU.ActiveCfg = Debug|Any CPU
		{A2D1D445-46DF-4AF7-A8ED-618415B71BBF}.Debug|Any CPU.Build.0 = Debug|Any CPU
		{A2D1D445-46DF-4AF7-A8ED-618415B71BBF}.Release|Any CPU.ActiveCfg = Release|Any CPU
		{A2D1D445-46DF-4AF7-A8ED-618415B71BBF}.Release|Any CPU.Build.0 = Release|Any CPU
		{8812BC69-6FC6-40CB-8764-F1670C19D8B4}.Debug|Any CPU.ActiveCfg = Debug|Any CPU
		{8812BC69-6FC6-40CB-8764-F1670C19D8B4}.Debug|Any CPU.Build.0 = Debug|Any CPU
		{8812BC69-6FC6-40CB-8764-F1670C19D8B4}.Release|Any CPU.ActiveCfg = Release|Any CPU
		{8812BC69-6FC6-40CB-8764-F1670C19D8B4}.Release|Any CPU.Build.0 = Release|Any CPU
		{AD5ADC59-B443-46E2-B57A-744C5E38A8A1}.Debug|Any CPU.ActiveCfg = Debug|Any CPU
		{AD5ADC59-B443-46E2-B57A-744C5E38A8A1}.Debug|Any CPU.Build.0 = Debug|Any CPU
		{AD5ADC59-B443-46E2-B57A-744C5E38A8A1}.Release|Any CPU.ActiveCfg = Release|Any CPU
		{AD5ADC59-B443-46E2-B57A-744C5E38A8A1}.Release|Any CPU.Build.0 = Release|Any CPU
		{9E16972F-E607-433F-910C-FD10348D0405}.Debug|Any CPU.ActiveCfg = Debug|Any CPU
		{9E16972F-E607-433F-910C-FD10348D0405}.Debug|Any CPU.Build.0 = Debug|Any CPU
		{9E16972F-E607-433F-910C-FD10348D0405}.Release|Any CPU.ActiveCfg = Release|Any CPU
		{9E16972F-E607-433F-910C-FD10348D0405}.Release|Any CPU.Build.0 = Release|Any CPU
		{ACEE0949-70D8-4453-A080-04D81149287E}.Debug|Any CPU.ActiveCfg = Debug|Any CPU
		{ACEE0949-70D8-4453-A080-04D81149287E}.Debug|Any CPU.Build.0 = Debug|Any CPU
		{ACEE0949-70D8-4453-A080-04D81149287E}.Release|Any CPU.ActiveCfg = Release|Any CPU
		{ACEE0949-70D8-4453-A080-04D81149287E}.Release|Any CPU.Build.0 = Release|Any CPU
		{6DB04B78-9EE6-4606-88C9-9C6DA788BDBC}.Debug|Any CPU.ActiveCfg = Debug|Any CPU
		{6DB04B78-9EE6-4606-88C9-9C6DA788BDBC}.Debug|Any CPU.Build.0 = Debug|Any CPU
		{6DB04B78-9EE6-4606-88C9-9C6DA788BDBC}.Release|Any CPU.ActiveCfg = Release|Any CPU
		{6DB04B78-9EE6-4606-88C9-9C6DA788BDBC}.Release|Any CPU.Build.0 = Release|Any CPU
		{727C7B37-5A0E-4715-9581-CCE757059FF8}.Debug|Any CPU.ActiveCfg = Debug|Any CPU
		{727C7B37-5A0E-4715-9581-CCE757059FF8}.Debug|Any CPU.Build.0 = Debug|Any CPU
		{727C7B37-5A0E-4715-9581-CCE757059FF8}.Release|Any CPU.ActiveCfg = Release|Any CPU
		{727C7B37-5A0E-4715-9581-CCE757059FF8}.Release|Any CPU.Build.0 = Release|Any CPU
		{824D9373-681C-4592-B621-2A5B06868DF9}.Debug|Any CPU.ActiveCfg = Debug|Any CPU
		{824D9373-681C-4592-B621-2A5B06868DF9}.Debug|Any CPU.Build.0 = Debug|Any CPU
		{824D9373-681C-4592-B621-2A5B06868DF9}.Release|Any CPU.ActiveCfg = Release|Any CPU
		{824D9373-681C-4592-B621-2A5B06868DF9}.Release|Any CPU.Build.0 = Release|Any CPU
		{D8485774-41F5-4AF4-8954-65F9D79C1A16}.Debug|Any CPU.ActiveCfg = Debug|Any CPU
		{D8485774-41F5-4AF4-8954-65F9D79C1A16}.Debug|Any CPU.Build.0 = Debug|Any CPU
		{D8485774-41F5-4AF4-8954-65F9D79C1A16}.Release|Any CPU.ActiveCfg = Release|Any CPU
		{D8485774-41F5-4AF4-8954-65F9D79C1A16}.Release|Any CPU.Build.0 = Release|Any CPU
		{BA685827-AE2F-416F-BD48-125D07DD3F79}.Debug|Any CPU.ActiveCfg = Debug|Any CPU
		{BA685827-AE2F-416F-BD48-125D07DD3F79}.Debug|Any CPU.Build.0 = Debug|Any CPU
		{BA685827-AE2F-416F-BD48-125D07DD3F79}.Release|Any CPU.ActiveCfg = Release|Any CPU
		{BA685827-AE2F-416F-BD48-125D07DD3F79}.Release|Any CPU.Build.0 = Release|Any CPU
		{AF38EE48-263B-46DE-9AA8-5EC40F082222}.Debug|Any CPU.ActiveCfg = Debug|Any CPU
		{AF38EE48-263B-46DE-9AA8-5EC40F082222}.Debug|Any CPU.Build.0 = Debug|Any CPU
		{AF38EE48-263B-46DE-9AA8-5EC40F082222}.Release|Any CPU.ActiveCfg = Release|Any CPU
		{AF38EE48-263B-46DE-9AA8-5EC40F082222}.Release|Any CPU.Build.0 = Release|Any CPU
		{236F4D08-1C7A-4E69-9703-1C4835B3E6C0}.Debug|Any CPU.ActiveCfg = Debug|Any CPU
		{236F4D08-1C7A-4E69-9703-1C4835B3E6C0}.Debug|Any CPU.Build.0 = Debug|Any CPU
		{236F4D08-1C7A-4E69-9703-1C4835B3E6C0}.Release|Any CPU.ActiveCfg = Release|Any CPU
		{236F4D08-1C7A-4E69-9703-1C4835B3E6C0}.Release|Any CPU.Build.0 = Release|Any CPU
		{1868F5D9-7506-460D-BDF0-C12DA4D0F0B1}.Debug|Any CPU.ActiveCfg = Debug|Any CPU
		{1868F5D9-7506-460D-BDF0-C12DA4D0F0B1}.Debug|Any CPU.Build.0 = Debug|Any CPU
		{1868F5D9-7506-460D-BDF0-C12DA4D0F0B1}.Release|Any CPU.ActiveCfg = Release|Any CPU
		{1868F5D9-7506-460D-BDF0-C12DA4D0F0B1}.Release|Any CPU.Build.0 = Release|Any CPU
		{C99662CB-1881-4879-8380-77455B48FA1B}.Debug|Any CPU.ActiveCfg = Debug|Any CPU
		{C99662CB-1881-4879-8380-77455B48FA1B}.Debug|Any CPU.Build.0 = Debug|Any CPU
		{C99662CB-1881-4879-8380-77455B48FA1B}.Release|Any CPU.ActiveCfg = Release|Any CPU
		{C99662CB-1881-4879-8380-77455B48FA1B}.Release|Any CPU.Build.0 = Release|Any CPU
		{FD67768F-58B4-4E9F-BB5A-B19D10261937}.Debug|Any CPU.ActiveCfg = Debug|Any CPU
		{FD67768F-58B4-4E9F-BB5A-B19D10261937}.Debug|Any CPU.Build.0 = Debug|Any CPU
		{FD67768F-58B4-4E9F-BB5A-B19D10261937}.Release|Any CPU.ActiveCfg = Release|Any CPU
		{FD67768F-58B4-4E9F-BB5A-B19D10261937}.Release|Any CPU.Build.0 = Release|Any CPU
		{D611CE5C-588F-4E68-A91D-1ED77BFA2AFD}.Debug|Any CPU.ActiveCfg = Debug|Any CPU
		{D611CE5C-588F-4E68-A91D-1ED77BFA2AFD}.Debug|Any CPU.Build.0 = Debug|Any CPU
		{D611CE5C-588F-4E68-A91D-1ED77BFA2AFD}.Release|Any CPU.ActiveCfg = Release|Any CPU
		{D611CE5C-588F-4E68-A91D-1ED77BFA2AFD}.Release|Any CPU.Build.0 = Release|Any CPU
		{29550A2E-AD0D-4D2E-A08E-1F59ACFCCE73}.Debug|Any CPU.ActiveCfg = Debug|Any CPU
		{29550A2E-AD0D-4D2E-A08E-1F59ACFCCE73}.Debug|Any CPU.Build.0 = Debug|Any CPU
		{29550A2E-AD0D-4D2E-A08E-1F59ACFCCE73}.Release|Any CPU.ActiveCfg = Release|Any CPU
		{29550A2E-AD0D-4D2E-A08E-1F59ACFCCE73}.Release|Any CPU.Build.0 = Release|Any CPU
		{640F5DCD-D940-4085-A07B-4A837193FA4D}.Debug|Any CPU.ActiveCfg = Debug|Any CPU
		{640F5DCD-D940-4085-A07B-4A837193FA4D}.Debug|Any CPU.Build.0 = Debug|Any CPU
		{640F5DCD-D940-4085-A07B-4A837193FA4D}.Release|Any CPU.ActiveCfg = Release|Any CPU
		{640F5DCD-D940-4085-A07B-4A837193FA4D}.Release|Any CPU.Build.0 = Release|Any CPU
		{5BC94CB1-CEC4-49E1-A9A8-A40553FBB8BD}.Debug|Any CPU.ActiveCfg = Debug|Any CPU
		{5BC94CB1-CEC4-49E1-A9A8-A40553FBB8BD}.Debug|Any CPU.Build.0 = Debug|Any CPU
		{5BC94CB1-CEC4-49E1-A9A8-A40553FBB8BD}.Release|Any CPU.ActiveCfg = Release|Any CPU
		{5BC94CB1-CEC4-49E1-A9A8-A40553FBB8BD}.Release|Any CPU.Build.0 = Release|Any CPU
	EndGlobalSection
	GlobalSection(SolutionProperties) = preSolution
		HideSolutionNode = FALSE
	EndGlobalSection
	GlobalSection(NestedProjects) = preSolution
		{6622E62D-1BB7-4910-B5E9-29749C34418F} = {495A4AAE-3F0E-48BE-889F-FE6ADEC4E086}
		{2138D4B9-8538-4C57-8150-A54C83ED9B91} = {495A4AAE-3F0E-48BE-889F-FE6ADEC4E086}
		{84357682-5D88-4026-8CEF-C68DB1291230} = {495A4AAE-3F0E-48BE-889F-FE6ADEC4E086}
		{A2D1D445-46DF-4AF7-A8ED-618415B71BBF} = {495A4AAE-3F0E-48BE-889F-FE6ADEC4E086}
		{8812BC69-6FC6-40CB-8764-F1670C19D8B4} = {495A4AAE-3F0E-48BE-889F-FE6ADEC4E086}
		{AD5ADC59-B443-46E2-B57A-744C5E38A8A1} = {495A4AAE-3F0E-48BE-889F-FE6ADEC4E086}
		{9E16972F-E607-433F-910C-FD10348D0405} = {495A4AAE-3F0E-48BE-889F-FE6ADEC4E086}
		{ACEE0949-70D8-4453-A080-04D81149287E} = {30DFB88D-CECC-491B-A74F-1D551F456075}
		{6DB04B78-9EE6-4606-88C9-9C6DA788BDBC} = {30DFB88D-CECC-491B-A74F-1D551F456075}
		{727C7B37-5A0E-4715-9581-CCE757059FF8} = {30DFB88D-CECC-491B-A74F-1D551F456075}
		{824D9373-681C-4592-B621-2A5B06868DF9} = {30DFB88D-CECC-491B-A74F-1D551F456075}
		{D8485774-41F5-4AF4-8954-65F9D79C1A16} = {3C1511E9-A0FA-4106-92E3-349BC20250ED}
		{BA685827-AE2F-416F-BD48-125D07DD3F79} = {3C1511E9-A0FA-4106-92E3-349BC20250ED}
		{AF38EE48-263B-46DE-9AA8-5EC40F082222} = {3C1511E9-A0FA-4106-92E3-349BC20250ED}
		{236F4D08-1C7A-4E69-9703-1C4835B3E6C0} = {3C1511E9-A0FA-4106-92E3-349BC20250ED}
		{1868F5D9-7506-460D-BDF0-C12DA4D0F0B1} = {3C1511E9-A0FA-4106-92E3-349BC20250ED}
		{C99662CB-1881-4879-8380-77455B48FA1B} = {3C1511E9-A0FA-4106-92E3-349BC20250ED}
		{FD67768F-58B4-4E9F-BB5A-B19D10261937} = {3C1511E9-A0FA-4106-92E3-349BC20250ED}
		{D611CE5C-588F-4E68-A91D-1ED77BFA2AFD} = {2F60CF3D-8B38-4F1B-95F4-F053FAD239FD}
		{29550A2E-AD0D-4D2E-A08E-1F59ACFCCE73} = {2F60CF3D-8B38-4F1B-95F4-F053FAD239FD}
		{640F5DCD-D940-4085-A07B-4A837193FA4D} = {2F60CF3D-8B38-4F1B-95F4-F053FAD239FD}
		{5BC94CB1-CEC4-49E1-A9A8-A40553FBB8BD} = {2F60CF3D-8B38-4F1B-95F4-F053FAD239FD}
	EndGlobalSection
	GlobalSection(ExtensibilityGlobals) = postSolution
		SolutionGuid = {96809BAB-8AC4-487C-AC69-AAFA36194C76}
	EndGlobalSection
EndGlobal
